// !$*UTF8*$!
{
	archiveVersion = 1;
	classes = {
	};
	objectVersion = 60;
	objects = {

/* Begin PBXBuildFile section */
		504EC3081FED79650016851F /* AppDelegate.swift in Sources */ = {isa = PBXBuildFile; fileRef = 504EC3071FED79650016851F /* AppDelegate.swift */; };
		504EC30F1FED79650016851F /* Assets.xcassets in Resources */ = {isa = PBXBuildFile; fileRef = 504EC30E1FED79650016851F /* Assets.xcassets */; };
		504EC3121FED79650016851F /* LaunchScreen.storyboard in Resources */ = {isa = PBXBuildFile; fileRef = 504EC3101FED79650016851F /* LaunchScreen.storyboard */; };
		50C000021FEDC1A000F3C39B /* TimerBellLogic.swift in Sources */ = {isa = PBXBuildFile; fileRef = 50C000011FEDC1A000F3C39B /* TimerBellLogic.swift */; };
		50B271D11FEDC1A000F3C39B /* web-public in Resources */ = {isa = PBXBuildFile; fileRef = 50B271D01FEDC1A000F3C39B /* web-public */; };
		50B271D31FEDC1A000F3C39B /* shared-audio in Resources */ = {isa = PBXBuildFile; fileRef = 50B271D21FEDC1A000F3C39B /* shared-audio */; };
		50D000021FEDC1A000F3C39B /* MeditationLiveActivityController.swift in Sources */ = {isa = PBXBuildFile; fileRef = 50D000011FEDC1A000F3C39B /* MeditationLiveActivityController.swift */; };
		50D000041FEDC1A000F3C39B /* MeditationLiveActivityLogic.swift in Sources */ = {isa = PBXBuildFile; fileRef = 50D000031FEDC1A000F3C39B /* MeditationLiveActivityLogic.swift */; };
		50D000061FEDC1A000F3C39B /* MeditationTimerActivityAttributes.swift in Sources */ = {isa = PBXBuildFile; fileRef = 50D000051FEDC1A000F3C39B /* MeditationTimerActivityAttributes.swift */; };
		50E000021FEDC1A000F3C39B /* MeditationLiveActivityWidget.swift in Sources */ = {isa = PBXBuildFile; fileRef = 50E000011FEDC1A000F3C39B /* MeditationLiveActivityWidget.swift */; };
		50E000031FEDC1A000F3C39B /* MeditationTimerActivityAttributes.swift in Sources */ = {isa = PBXBuildFile; fileRef = 50D000051FEDC1A000F3C39B /* MeditationTimerActivityAttributes.swift */; };
		50E000041FEDC1A000F3C39B /* MeditationLiveActivityExtension.appex in Embed App Extensions */ = {isa = PBXBuildFile; fileRef = 50E000051FEDC1A000F3C39B /* MeditationLiveActivityExtension.appex */; settings = {ATTRIBUTES = (RemoveHeadersOnCopy, ); }; };
	/* End PBXBuildFile section */

/* Begin PBXContainerItemProxy section */
		50E000061FEDC1A000F3C39B /* PBXContainerItemProxy */ = {
			isa = PBXContainerItemProxy;
			containerPortal = 504EC2FC1FED79650016851F /* Project object */;
			proxyType = 1;
			remoteGlobalIDString = 50E000071FEDC1A000F3C39B;
			remoteInfo = MeditationLiveActivityExtension;
		};
/* End PBXContainerItemProxy section */

/* Begin PBXCopyFilesBuildPhase section */
		50E000081FEDC1A000F3C39B /* Embed App Extensions */ = {
			isa = PBXCopyFilesBuildPhase;
			buildActionMask = 2147483647;
			dstPath = "";
			dstSubfolderSpec = 13;
			files = (
				50E000041FEDC1A000F3C39B /* MeditationLiveActivityExtension.appex in Embed App Extensions */,
			);
			name = "Embed App Extensions";
			runOnlyForDeploymentPostprocessing = 0;
		};
/* End PBXCopyFilesBuildPhase section */

/* Begin PBXFileReference section */
		504EC3041FED79650016851F /* App.app */ = {isa = PBXFileReference; explicitFileType = wrapper.application; includeInIndex = 0; path = App.app; sourceTree = BUILT_PRODUCTS_DIR; };
		504EC3071FED79650016851F /* AppDelegate.swift */ = {isa = PBXFileReference; lastKnownFileType = sourcecode.swift; path = AppDelegate.swift; sourceTree = "<group>"; };
		504EC30E1FED79650016851F /* Assets.xcassets */ = {isa = PBXFileReference; lastKnownFileType = folder.assetcatalog; path = Assets.xcassets; sourceTree = "<group>"; };
		504EC3111FED79650016851F /* Base */ = {isa = PBXFileReference; lastKnownFileType = file.storyboard; name = Base; path = Base.lproj/LaunchScreen.storyboard; sourceTree = "<group>"; };
		504EC3131FED79650016851F /* Info.plist */ = {isa = PBXFileReference; lastKnownFileType = text.plist.xml; path = Info.plist; sourceTree = "<group>"; };
		50B271D01FEDC1A000F3C39B /* web-public */ = {isa = PBXFileReference; lastKnownFileType = folder; name = "web-public"; path = ../../web/public; sourceTree = SOURCE_ROOT; };
		50B271D21FEDC1A000F3C39B /* shared-audio */ = {isa = PBXFileReference; lastKnownFileType = folder; name = "shared-audio"; path = ../../shared/audio; sourceTree = SOURCE_ROOT; };
		50C000011FEDC1A000F3C39B /* TimerBellLogic.swift */ = {isa = PBXFileReference; lastKnownFileType = sourcecode.swift; path = TimerBellLogic.swift; sourceTree = "<group>"; };
		50D000011FEDC1A000F3C39B /* MeditationLiveActivityController.swift */ = {isa = PBXFileReference; lastKnownFileType = sourcecode.swift; path = MeditationLiveActivityController.swift; sourceTree = "<group>"; };
		50D000031FEDC1A000F3C39B /* MeditationLiveActivityLogic.swift */ = {isa = PBXFileReference; lastKnownFileType = sourcecode.swift; path = MeditationLiveActivityLogic.swift; sourceTree = "<group>"; };
		50D000051FEDC1A000F3C39B /* MeditationTimerActivityAttributes.swift */ = {isa = PBXFileReference; lastKnownFileType = sourcecode.swift; path = MeditationTimerActivityAttributes.swift; sourceTree = "<group>"; };
		50E000011FEDC1A000F3C39B /* MeditationLiveActivityWidget.swift */ = {isa = PBXFileReference; lastKnownFileType = sourcecode.swift; path = MeditationLiveActivityWidget.swift; sourceTree = "<group>"; };
		50E000051FEDC1A000F3C39B /* MeditationLiveActivityExtension.appex */ = {isa = PBXFileReference; explicitFileType = "wrapper.app-extension"; includeInIndex = 0; path = MeditationLiveActivityExtension.appex; sourceTree = BUILT_PRODUCTS_DIR; };
		50E000091FEDC1A000F3C39B /* Info.plist */ = {isa = PBXFileReference; lastKnownFileType = text.plist.xml; path = Info.plist; sourceTree = "<group>"; };
	/* End PBXFileReference section */

/* Begin PBXFrameworksBuildPhase section */
		504EC3011FED79650016851F /* Frameworks */ = {
			isa = PBXFrameworksBuildPhase;
			buildActionMask = 2147483647;
			files = (
			);
			runOnlyForDeploymentPostprocessing = 0;
		};
		50E0000A1FEDC1A000F3C39B /* Frameworks */ = {
			isa = PBXFrameworksBuildPhase;
			buildActionMask = 2147483647;
			files = (
			);
			runOnlyForDeploymentPostprocessing = 0;
		};
	/* End PBXFrameworksBuildPhase section */

/* Begin PBXGroup section */
		504EC2FB1FED79650016851F = {
			isa = PBXGroup;
					children = (
						504EC3061FED79650016851F /* GoldenMeditationApp */,
						50E0000B1FEDC1A000F3C39B /* MeditationLiveActivityExtension */,
						504EC3051FED79650016851F /* Products */,
						50B271D01FEDC1A000F3C39B /* web-public */,
						50B271D21FEDC1A000F3C39B /* shared-audio */,
			);
			sourceTree = "<group>";
		};
		504EC3051FED79650016851F /* Products */ = {
				isa = PBXGroup;
				children = (
					504EC3041FED79650016851F /* App.app */,
					50E000051FEDC1A000F3C39B /* MeditationLiveActivityExtension.appex */,
				);
				name = Products;
				sourceTree = "<group>";
		};
		504EC3061FED79650016851F /* GoldenMeditationApp */ = {
			isa = PBXGroup;
			children = (
				504EC3071FED79650016851F /* AppDelegate.swift */,
				50C000011FEDC1A000F3C39B /* TimerBellLogic.swift */,
				50D000011FEDC1A000F3C39B /* MeditationLiveActivityController.swift */,
				50D000031FEDC1A000F3C39B /* MeditationLiveActivityLogic.swift */,
				50D000051FEDC1A000F3C39B /* MeditationTimerActivityAttributes.swift */,
				504EC30E1FED79650016851F /* Assets.xcassets */,
				504EC3101FED79650016851F /* LaunchScreen.storyboard */,
				504EC3131FED79650016851F /* Info.plist */,
			);
				path = GoldenMeditationApp;
				sourceTree = "<group>";
			};
		50E0000B1FEDC1A000F3C39B /* MeditationLiveActivityExtension */ = {
			isa = PBXGroup;
			children = (
				50E000011FEDC1A000F3C39B /* MeditationLiveActivityWidget.swift */,
				50E000091FEDC1A000F3C39B /* Info.plist */,
			);
			path = MeditationLiveActivityExtension;
			sourceTree = "<group>";
		};
	/* End PBXGroup section */

/* Begin PBXNativeTarget section */
		504EC3031FED79650016851F /* App */ = {
			isa = PBXNativeTarget;
			buildConfigurationList = 504EC3161FED79650016851F /* Build configuration list for PBXNativeTarget "App" */;
				buildPhases = (
					504EC3001FED79650016851F /* Sources */,
					504EC3011FED79650016851F /* Frameworks */,
					504EC3021FED79650016851F /* Resources */,
					50E000081FEDC1A000F3C39B /* Embed App Extensions */,
				);
				buildRules = (
				);
				dependencies = (
					50E0000C1FEDC1A000F3C39B /* PBXTargetDependency */,
				);
			name = App;
			packageProductDependencies = (
			);
			productName = App;
			productReference = 504EC3041FED79650016851F /* App.app */;
			productType = "com.apple.product-type.application";
		};
		50E000071FEDC1A000F3C39B /* MeditationLiveActivityExtension */ = {
			isa = PBXNativeTarget;
			buildConfigurationList = 50E0000D1FEDC1A000F3C39B /* Build configuration list for PBXNativeTarget "MeditationLiveActivityExtension" */;
			buildPhases = (
				50E0000E1FEDC1A000F3C39B /* Sources */,
				50E0000A1FEDC1A000F3C39B /* Frameworks */,
				50E0000F1FEDC1A000F3C39B /* Resources */,
			);
			buildRules = (
			);
			dependencies = (
			);
			name = MeditationLiveActivityExtension;
			packageProductDependencies = (
			);
			productName = MeditationLiveActivityExtension;
			productReference = 50E000051FEDC1A000F3C39B /* MeditationLiveActivityExtension.appex */;
			productType = "com.apple.product-type.app-extension";
		};
	/* End PBXNativeTarget section */

/* Begin PBXProject section */
		504EC2FC1FED79650016851F /* Project object */ = {
			isa = PBXProject;
			attributes = {
				LastSwiftUpdateCheck = 0920;
				LastUpgradeCheck = 0920;
				TargetAttributes = {
					504EC3031FED79650016851F = {
						CreatedOnToolsVersion = 9.2;
						LastSwiftMigration = 1100;
						ProvisioningStyle = Automatic;
					};
					50E000071FEDC1A000F3C39B = {
						CreatedOnToolsVersion = 16.0;
						ProvisioningStyle = Automatic;
					};
				};
			};
			buildConfigurationList = 504EC2FF1FED79650016851F /* Build configuration list for PBXProject "App" */;
			compatibilityVersion = "Xcode 8.0";
			developmentRegion = en;
			hasScannedForEncodings = 0;
			knownRegions = (
				en,
				Base,
			);
			mainGroup = 504EC2FB1FED79650016851F;
			packageReferences = (
			);
			productRefGroup = 504EC3051FED79650016851F /* Products */;
			projectDirPath = "";
			projectRoot = "";
				targets = (
					504EC3031FED79650016851F /* App */,
					50E000071FEDC1A000F3C39B /* MeditationLiveActivityExtension */,
				);
			};
	/* End PBXProject section */

/* Begin PBXResourcesBuildPhase section */
		504EC3021FED79650016851F /* Resources */ = {
			isa = PBXResourcesBuildPhase;
			buildActionMask = 2147483647;
					files = (
				504EC3121FED79650016851F /* LaunchScreen.storyboard in Resources */,
				50B271D11FEDC1A000F3C39B /* web-public in Resources */,
				50B271D31FEDC1A000F3C39B /* shared-audio in Resources */,
				504EC30F1FED79650016851F /* Assets.xcassets in Resources */,
			);
			runOnlyForDeploymentPostprocessing = 0;
		};
		50E0000F1FEDC1A000F3C39B /* Resources */ = {
			isa = PBXResourcesBuildPhase;
			buildActionMask = 2147483647;
			files = (
			);
			runOnlyForDeploymentPostprocessing = 0;
		};
	/* End PBXResourcesBuildPhase section */

/* Begin PBXSourcesBuildPhase section */
		504EC3001FED79650016851F /* Sources */ = {
			isa = PBXSourcesBuildPhase;
			buildActionMask = 2147483647;
			files = (
				504EC3081FED79650016851F /* AppDelegate.swift in Sources */,
				50C000021FEDC1A000F3C39B /* TimerBellLogic.swift in Sources */,
				50D000021FEDC1A000F3C39B /* MeditationLiveActivityController.swift in Sources */,
				50D000041FEDC1A000F3C39B /* MeditationLiveActivityLogic.swift in Sources */,
				50D000061FEDC1A000F3C39B /* MeditationTimerActivityAttributes.swift in Sources */,
				);
			runOnlyForDeploymentPostprocessing = 0;
		};
		50E0000E1FEDC1A000F3C39B /* Sources */ = {
			isa = PBXSourcesBuildPhase;
			buildActionMask = 2147483647;
			files = (
				50E000021FEDC1A000F3C39B /* MeditationLiveActivityWidget.swift in Sources */,
				50E000031FEDC1A000F3C39B /* MeditationTimerActivityAttributes.swift in Sources */,
			);
			runOnlyForDeploymentPostprocessing = 0;
		};
	/* End PBXSourcesBuildPhase section */

/* Begin PBXTargetDependency section */
		50E0000C1FEDC1A000F3C39B /* PBXTargetDependency */ = {
			isa = PBXTargetDependency;
			target = 50E000071FEDC1A000F3C39B /* MeditationLiveActivityExtension */;
			targetProxy = 50E000061FEDC1A000F3C39B /* PBXContainerItemProxy */;
		};
/* End PBXTargetDependency section */

/* Begin PBXVariantGroup section */
		504EC3101FED79650016851F /* LaunchScreen.storyboard */ = {
			isa = PBXVariantGroup;
			children = (
				504EC3111FED79650016851F /* Base */,
			);
			name = LaunchScreen.storyboard;
			sourceTree = "<group>";
		};
/* End PBXVariantGroup section */

/* Begin XCBuildConfiguration section */
		504EC3141FED79650016851F /* Debug */ = {
			isa = XCBuildConfiguration;
			buildSettings = {
				ALWAYS_SEARCH_USER_PATHS = NO;
				CLANG_ANALYZER_NONNULL = YES;
				CLANG_ANALYZER_NUMBER_OBJECT_CONVERSION = YES_AGGRESSIVE;
				CLANG_CXX_LANGUAGE_STANDARD = "gnu++14";
				CLANG_CXX_LIBRARY = "libc++";
				CLANG_ENABLE_MODULES = YES;
				CLANG_ENABLE_OBJC_ARC = YES;
				CLANG_WARN_BLOCK_CAPTURE_AUTORELEASING = YES;
				CLANG_WARN_BOOL_CONVERSION = YES;
				CLANG_WARN_COMMA = YES;
				CLANG_WARN_CONSTANT_CONVERSION = YES;
				CLANG_WARN_DIRECT_OBJC_ISA_USAGE = YES_ERROR;
				CLANG_WARN_DOCUMENTATION_COMMENTS = YES;
				CLANG_WARN_EMPTY_BODY = YES;
				CLANG_WARN_ENUM_CONVERSION = YES;
				CLANG_WARN_INFINITE_RECURSION = YES;
				CLANG_WARN_INT_CONVERSION = YES;
				CLANG_WARN_NON_LITERAL_NULL_CONVERSION = YES;
				CLANG_WARN_OBJC_LITERAL_CONVERSION = YES;
				CLANG_WARN_OBJC_ROOT_CLASS = YES_ERROR;
				CLANG_WARN_RANGE_LOOP_ANALYSIS = YES;
				CLANG_WARN_STRICT_PROTOTYPES = YES;
				CLANG_WARN_SUSPICIOUS_MOVE = YES;
				CLANG_WARN_UNGUARDED_AVAILABILITY = YES_AGGRESSIVE;
				CLANG_WARN_UNREACHABLE_CODE = YES;
				CLANG_WARN__DUPLICATE_METHOD_MATCH = YES;
				CODE_SIGN_IDENTITY = "iPhone Developer";
				COPY_PHASE_STRIP = NO;
				DEBUG_INFORMATION_FORMAT = dwarf;
				ENABLE_STRICT_OBJC_MSGSEND = YES;
				ENABLE_TESTABILITY = YES;
				GCC_C_LANGUAGE_STANDARD = gnu11;
				GCC_DYNAMIC_NO_PIC = NO;
				GCC_NO_COMMON_BLOCKS = YES;
				GCC_OPTIMIZATION_LEVEL = 0;
				GCC_PREPROCESSOR_DEFINITIONS = (
					"DEBUG=1",
					"$(inherited)",
				);
				GCC_WARN_64_TO_32_BIT_CONVERSION = YES;
				GCC_WARN_ABOUT_RETURN_TYPE = YES_ERROR;
				GCC_WARN_UNDECLARED_SELECTOR = YES;
				GCC_WARN_UNINITIALIZED_AUTOS = YES_AGGRESSIVE;
				GCC_WARN_UNUSED_FUNCTION = YES;
				GCC_WARN_UNUSED_VARIABLE = YES;
				IPHONEOS_DEPLOYMENT_TARGET = 15.0;
				MTL_ENABLE_DEBUG_INFO = YES;
				ONLY_ACTIVE_ARCH = YES;
				SDKROOT = iphoneos;
				SWIFT_ACTIVE_COMPILATION_CONDITIONS = DEBUG;
				SWIFT_OPTIMIZATION_LEVEL = "-Onone";
			};
			name = Debug;
		};
		504EC3151FED79650016851F /* Release */ = {
			isa = XCBuildConfiguration;
			buildSettings = {
				ALWAYS_SEARCH_USER_PATHS = NO;
				CLANG_ANALYZER_NONNULL = YES;
				CLANG_ANALYZER_NUMBER_OBJECT_CONVERSION = YES_AGGRESSIVE;
				CLANG_CXX_LANGUAGE_STANDARD = "gnu++14";
				CLANG_CXX_LIBRARY = "libc++";
				CLANG_ENABLE_MODULES = YES;
				CLANG_ENABLE_OBJC_ARC = YES;
				CLANG_WARN_BLOCK_CAPTURE_AUTORELEASING = YES;
				CLANG_WARN_BOOL_CONVERSION = YES;
				CLANG_WARN_COMMA = YES;
				CLANG_WARN_CONSTANT_CONVERSION = YES;
				CLANG_WARN_DIRECT_OBJC_ISA_USAGE = YES_ERROR;
				CLANG_WARN_DOCUMENTATION_COMMENTS = YES;
				CLANG_WARN_EMPTY_BODY = YES;
				CLANG_WARN_ENUM_CONVERSION = YES;
				CLANG_WARN_INFINITE_RECURSION = YES;
				CLANG_WARN_INT_CONVERSION = YES;
				CLANG_WARN_NON_LITERAL_NULL_CONVERSION = YES;
				CLANG_WARN_OBJC_LITERAL_CONVERSION = YES;
				CLANG_WARN_OBJC_ROOT_CLASS = YES_ERROR;
				CLANG_WARN_RANGE_LOOP_ANALYSIS = YES;
				CLANG_WARN_STRICT_PROTOTYPES = YES;
				CLANG_WARN_SUSPICIOUS_MOVE = YES;
				CLANG_WARN_UNGUARDED_AVAILABILITY = YES_AGGRESSIVE;
				CLANG_WARN_UNREACHABLE_CODE = YES;
				CLANG_WARN__DUPLICATE_METHOD_MATCH = YES;
				CODE_SIGN_IDENTITY = "iPhone Developer";
				COPY_PHASE_STRIP = NO;
				DEBUG_INFORMATION_FORMAT = "dwarf-with-dsym";
				ENABLE_NS_ASSERTIONS = NO;
				ENABLE_STRICT_OBJC_MSGSEND = YES;
				GCC_C_LANGUAGE_STANDARD = gnu11;
				GCC_NO_COMMON_BLOCKS = YES;
				GCC_WARN_64_TO_32_BIT_CONVERSION = YES;
				GCC_WARN_ABOUT_RETURN_TYPE = YES_ERROR;
				GCC_WARN_UNDECLARED_SELECTOR = YES;
				GCC_WARN_UNINITIALIZED_AUTOS = YES_AGGRESSIVE;
				GCC_WARN_UNUSED_FUNCTION = YES;
				GCC_WARN_UNUSED_VARIABLE = YES;
				IPHONEOS_DEPLOYMENT_TARGET = 15.0;
				MTL_ENABLE_DEBUG_INFO = NO;
				SDKROOT = iphoneos;
				SWIFT_COMPILATION_MODE = wholemodule;
				SWIFT_OPTIMIZATION_LEVEL = "-O";
				VALIDATE_PRODUCT = YES;
			};
			name = Release;
		};
		504EC3171FED79650016851F /* Debug */ = {
			isa = XCBuildConfiguration;
			buildSettings = {
				ASSETCATALOG_COMPILER_APPICON_NAME = AppIcon;
				CODE_SIGN_STYLE = Automatic;
				CURRENT_PROJECT_VERSION = 1;
				DEVELOPMENT_TEAM = FNCD73V9FH;
				INFOPLIST_FILE = GoldenMeditationApp/Info.plist;
				IPHONEOS_DEPLOYMENT_TARGET = 15.0;
				LD_RUNPATH_SEARCH_PATHS = (
					"$(inherited)",
					"@executable_path/Frameworks",
				);
				MARKETING_VERSION = 1.0;
				PRODUCT_BUNDLE_IDENTIFIER = com.lukex.goldenmeditation;
				PRODUCT_NAME = "$(TARGET_NAME)";
				SWIFT_ACTIVE_COMPILATION_CONDITIONS = DEBUG;
				SWIFT_VERSION = 5.0;
				TARGETED_DEVICE_FAMILY = "1,2";
			};
			name = Debug;
		};
		504EC3181FED79650016851F /* Release */ = {
			isa = XCBuildConfiguration;
			buildSettings = {
				ASSETCATALOG_COMPILER_APPICON_NAME = AppIcon;
				CODE_SIGN_STYLE = Automatic;
				CURRENT_PROJECT_VERSION = 1;
				DEVELOPMENT_TEAM = FNCD73V9FH;
				INFOPLIST_FILE = GoldenMeditationApp/Info.plist;
				IPHONEOS_DEPLOYMENT_TARGET = 15.0;
				LD_RUNPATH_SEARCH_PATHS = (
					"$(inherited)",
					"@executable_path/Frameworks",
				);
				MARKETING_VERSION = 1.0;
				PRODUCT_BUNDLE_IDENTIFIER = com.lukex.goldenmeditation;
				PRODUCT_NAME = "$(TARGET_NAME)";
				SWIFT_ACTIVE_COMPILATION_CONDITIONS = "";
				SWIFT_VERSION = 5.0;
				TARGETED_DEVICE_FAMILY = "1,2";
			};
			name = Release;
		};
		50E000101FEDC1A000F3C39B /* Debug */ = {
			isa = XCBuildConfiguration;
			buildSettings = {
				APPLICATION_EXTENSION_API_ONLY = YES;
				CODE_SIGN_STYLE = Automatic;
				CURRENT_PROJECT_VERSION = 1;
				DEVELOPMENT_TEAM = FNCD73V9FH;
				GENERATE_INFOPLIST_FILE = NO;
				INFOPLIST_FILE = MeditationLiveActivityExtension/Info.plist;
				IPHONEOS_DEPLOYMENT_TARGET = 16.1;
				LD_RUNPATH_SEARCH_PATHS = (
					"$(inherited)",
					"@executable_path/Frameworks",
					"@executable_path/../../Frameworks",
				);
				MARKETING_VERSION = 1.0;
				PRODUCT_BUNDLE_IDENTIFIER = com.lukex.goldenmeditation.MeditationLiveActivityExtension;
				PRODUCT_BUNDLE_PACKAGE_TYPE = "XPC!";
				PRODUCT_NAME = "$(TARGET_NAME)";
				SKIP_INSTALL = YES;
				SWIFT_ACTIVE_COMPILATION_CONDITIONS = DEBUG;
				SWIFT_VERSION = 5.0;
				TARGETED_DEVICE_FAMILY = "1,2";
			};
			name = Debug;
		};
		50E000111FEDC1A000F3C39B /* Release */ = {
			isa = XCBuildConfiguration;
			buildSettings = {
				APPLICATION_EXTENSION_API_ONLY = YES;
				CODE_SIGN_STYLE = Automatic;
				CURRENT_PROJECT_VERSION = 1;
				DEVELOPMENT_TEAM = FNCD73V9FH;
				GENERATE_INFOPLIST_FILE = NO;
				INFOPLIST_FILE = MeditationLiveActivityExtension/Info.plist;
				IPHONEOS_DEPLOYMENT_TARGET = 16.1;
				LD_RUNPATH_SEARCH_PATHS = (
					"$(inherited)",
					"@executable_path/Frameworks",
					"@executable_path/../../Frameworks",
				);
				MARKETING_VERSION = 1.0;
				PRODUCT_BUNDLE_IDENTIFIER = com.lukex.goldenmeditation.MeditationLiveActivityExtension;
				PRODUCT_BUNDLE_PACKAGE_TYPE = "XPC!";
				PRODUCT_NAME = "$(TARGET_NAME)";
				SKIP_INSTALL = YES;
				SWIFT_ACTIVE_COMPILATION_CONDITIONS = "";
				SWIFT_VERSION = 5.0;
				TARGETED_DEVICE_FAMILY = "1,2";
			};
			name = Release;
		};
	/* End XCBuildConfiguration section */

/* Begin XCConfigurationList section */
		504EC2FF1FED79650016851F /* Build configuration list for PBXProject "App" */ = {
			isa = XCConfigurationList;
			buildConfigurations = (
				504EC3141FED79650016851F /* Debug */,
				504EC3151FED79650016851F /* Release */,
			);
			defaultConfigurationIsVisible = 0;
			defaultConfigurationName = Release;
		};
		504EC3161FED79650016851F /* Build configuration list for PBXNativeTarget "App" */ = {
			isa = XCConfigurationList;
			buildConfigurations = (
				504EC3171FED79650016851F /* Debug */,
				504EC3181FED79650016851F /* Release */,
			);
			defaultConfigurationIsVisible = 0;
			defaultConfigurationName = Release;
		};
		50E0000D1FEDC1A000F3C39B /* Build configuration list for PBXNativeTarget "MeditationLiveActivityExtension" */ = {
			isa = XCConfigurationList;
			buildConfigurations = (
				50E000101FEDC1A000F3C39B /* Debug */,
				50E000111FEDC1A000F3C39B /* Release */,
			);
			defaultConfigurationIsVisible = 0;
			defaultConfigurationName = Release;
		};
	/* End XCConfigurationList section */

	};
	rootObject = 504EC2FC1FED79650016851F /* Project object */;
}
